
Microsoft Visual Studio Solution File, Format Version 12.00
# Visual Studio Version 17
VisualStudioVersion = 17.13.35919.96 d17.13
MinimumVisualStudioVersion = 10.0.40219.1
Project("{FAE04EC0-301F-11D3-BF4B-00C04F79EFBC}") = "Donation_Management_System", "Donation_Management_System\Donation_Management_System.csproj", "{A1D72320-5875-4836-9C90-E1014C58E532}"
EndProject
Global
	GlobalSection(SolutionConfigurationPlatforms) = preSolution
		Debug|Any CPU = Debug|Any CPU
		Release|Any CPU = Release|Any CPU
	EndGlobalSection
	GlobalSection(ProjectConfigurationPlatforms) = postSolution
		{A1D72320-5875-4836-9C90-E1014C58E532}.Debug|Any CPU.ActiveCfg = Debug|Any CPU
		{A1D72320-5875-4836-9C90-E1014C58E532}.Debug|Any CPU.Build.0 = Debug|Any CPU
		{A1D72320-5875-4836-9C90-E1014C58E532}.Release|Any CPU.ActiveCfg = Release|Any CPU
		{A1D72320-5875-4836-9C90-E1014C58E532}.Release|Any CPU.Build.0 = Release|Any CPU
	EndGlobalSection
	GlobalSection(SolutionProperties) = preSolution
		HideSolutionNode = FALSE
	EndGlobalSection
	GlobalSection(ExtensibilityGlobals) = postSolution
		SolutionGuid = {00F03DA5-F12A-4BE0-B1E0-93E61EDFC5B8}
	EndGlobalSection
EndGlobal
